
Microsoft Visual Studio Solution File, Format Version 12.00
# Visual Studio Version 16
VisualStudioVersion = 16.0.29728.190
MinimumVisualStudioVersion = 10.0.40219.1
Project("{FAE04EC0-301F-11D3-BF4B-00C04F79EFBC}") = "FRMDataManager", "FRMDataManager\FRMDataManager.csproj", "{CEF88E7D-733D-400E-B368-8943B3E4DD2A}"
EndProject
Project("{00D1A9C2-B5F0-4AF3-8072-F6C62B433612}") = "FRMData", "FRMData\FRMData.sqlproj", "{FFE7E409-F6AE-49BE-A2E8-ACD76FCE25A6}"
EndProject
Project("{FAE04EC0-301F-11D3-BF4B-00C04F79EFBC}") = "FRMDesktopUI", "FRMDesktopUI\FRMDesktopUI.csproj", "{2877214E-AA74-41C3-9720-CE61C15FCB0F}"
EndProject
Project("{FAE04EC0-301F-11D3-BF4B-00C04F79EFBC}") = "FRMDataManager.Library", "FRMDataManager.Library\FRMDataManager.Library.csproj", "{DBD04B73-E9DD-4020-92C2-AF0D4EE777C0}"
EndProject
Project("{FAE04EC0-301F-11D3-BF4B-00C04F79EFBC}") = "FRMDesktopUI.Library", "FRMDesktopUI.Library\FRMDesktopUI.Library.csproj", "{8E61C9F6-998D-4006-88DC-55DD50792EBC}"
EndProject
Project("{2150E333-8FDC-42A3-9474-1A3956D46DE8}") = "Database", "Database", "{52D03D4D-4CA9-4F5F-9FC1-E9F564B3E87B}"
EndProject
Project("{2150E333-8FDC-42A3-9474-1A3956D46DE8}") = "API", "API", "{06B7FF43-6642-4FDC-85FD-8D30B3A335DD}"
EndProject
Project("{2150E333-8FDC-42A3-9474-1A3956D46DE8}") = "WPF", "WPF", "{40C5664C-5396-44FC-85FD-090E0BA2AF0E}"
EndProject
Global
	GlobalSection(SolutionConfigurationPlatforms) = preSolution
		Debug|Any CPU = Debug|Any CPU
		Release|Any CPU = Release|Any CPU
	EndGlobalSection
	GlobalSection(ProjectConfigurationPlatforms) = postSolution
		{CEF88E7D-733D-400E-B368-8943B3E4DD2A}.Debug|Any CPU.ActiveCfg = Debug|Any CPU
		{CEF88E7D-733D-400E-B368-8943B3E4DD2A}.Debug|Any CPU.Build.0 = Debug|Any CPU
		{CEF88E7D-733D-400E-B368-8943B3E4DD2A}.Release|Any CPU.ActiveCfg = Release|Any CPU
		{CEF88E7D-733D-400E-B368-8943B3E4DD2A}.Release|Any CPU.Build.0 = Release|Any CPU
		{FFE7E409-F6AE-49BE-A2E8-ACD76FCE25A6}.Debug|Any CPU.ActiveCfg = Debug|Any CPU
		{FFE7E409-F6AE-49BE-A2E8-ACD76FCE25A6}.Debug|Any CPU.Build.0 = Debug|Any CPU
		{FFE7E409-F6AE-49BE-A2E8-ACD76FCE25A6}.Debug|Any CPU.Deploy.0 = Debug|Any CPU
		{FFE7E409-F6AE-49BE-A2E8-ACD76FCE25A6}.Release|Any CPU.ActiveCfg = Release|Any CPU
		{FFE7E409-F6AE-49BE-A2E8-ACD76FCE25A6}.Release|Any CPU.Build.0 = Release|Any CPU
		{FFE7E409-F6AE-49BE-A2E8-ACD76FCE25A6}.Release|Any CPU.Deploy.0 = Release|Any CPU
		{2877214E-AA74-41C3-9720-CE61C15FCB0F}.Debug|Any CPU.ActiveCfg = Debug|Any CPU
		{2877214E-AA74-41C3-9720-CE61C15FCB0F}.Debug|Any CPU.Build.0 = Debug|Any CPU
		{2877214E-AA74-41C3-9720-CE61C15FCB0F}.Release|Any CPU.ActiveCfg = Release|Any CPU
		{2877214E-AA74-41C3-9720-CE61C15FCB0F}.Release|Any CPU.Build.0 = Release|Any CPU
		{DBD04B73-E9DD-4020-92C2-AF0D4EE777C0}.Debug|Any CPU.ActiveCfg = Debug|Any CPU
		{DBD04B73-E9DD-4020-92C2-AF0D4EE777C0}.Debug|Any CPU.Build.0 = Debug|Any CPU
		{DBD04B73-E9DD-4020-92C2-AF0D4EE777C0}.Release|Any CPU.ActiveCfg = Release|Any CPU
		{DBD04B73-E9DD-4020-92C2-AF0D4EE777C0}.Release|Any CPU.Build.0 = Release|Any CPU
		{8E61C9F6-998D-4006-88DC-55DD50792EBC}.Debug|Any CPU.ActiveCfg = Debug|Any CPU
		{8E61C9F6-998D-4006-88DC-55DD50792EBC}.Debug|Any CPU.Build.0 = Debug|Any CPU
		{8E61C9F6-998D-4006-88DC-55DD50792EBC}.Release|Any CPU.ActiveCfg = Release|Any CPU
		{8E61C9F6-998D-4006-88DC-55DD50792EBC}.Release|Any CPU.Build.0 = Release|Any CPU
	EndGlobalSection
	GlobalSection(SolutionProperties) = preSolution
		HideSolutionNode = FALSE
	EndGlobalSection
	GlobalSection(NestedProjects) = preSolution
		{CEF88E7D-733D-400E-B368-8943B3E4DD2A} = {06B7FF43-6642-4FDC-85FD-8D30B3A335DD}
		{FFE7E409-F6AE-49BE-A2E8-ACD76FCE25A6} = {52D03D4D-4CA9-4F5F-9FC1-E9F564B3E87B}
		{2877214E-AA74-41C3-9720-CE61C15FCB0F} = {40C5664C-5396-44FC-85FD-090E0BA2AF0E}
		{DBD04B73-E9DD-4020-92C2-AF0D4EE777C0} = {06B7FF43-6642-4FDC-85FD-8D30B3A335DD}
		{8E61C9F6-998D-4006-88DC-55DD50792EBC} = {40C5664C-5396-44FC-85FD-090E0BA2AF0E}
	EndGlobalSection
	GlobalSection(ExtensibilityGlobals) = postSolution
		SolutionGuid = {A5E84449-E404-4427-BD1C-992E9C93FFC4}
	EndGlobalSection
EndGlobal
